
Microsoft Visual Studio Solution File, Format Version 12.00
# Visual Studio 15
VisualStudioVersion = 15.0.26124.0
MinimumVisualStudioVersion = 15.0.26124.0
Project("{FAE04EC0-301F-11D3-BF4B-00C04F79EFBC}") = "PizzaStoreLibrary.library", "PizzaStoreLibrary.library\PizzaStoreLibrary.library.csproj", "{4DFBA2BC-9669-4FAE-9EE8-CE896F4BE4AD}"
EndProject
Project("{FAE04EC0-301F-11D3-BF4B-00C04F79EFBC}") = "PizzaStoreData.DataAccess", "PizzaStoreData.DataAccess\PizzaStoreData.DataAccess.csproj", "{2943ABFA-E63B-46DF-8864-C1B2019668F3}"
EndProject
Project("{FAE04EC0-301F-11D3-BF4B-00C04F79EFBC}") = "PizzaStoreTesting.Test", "PizzaStoreTesting.Test\PizzaStoreTesting.Test.csproj", "{80E5799A-80BF-4FF3-B5FB-7612A9E120E0}"
EndProject
Project("{FAE04EC0-301F-11D3-BF4B-00C04F79EFBC}") = "PizzaStoreMVC.UI", "PizzaStoreMVC.UI\PizzaStoreMVC.UI.csproj", "{8B4693A2-4862-420D-88F3-9B548039EC3E}"
EndProject
Global
	GlobalSection(SolutionConfigurationPlatforms) = preSolution
		Debug|Any CPU = Debug|Any CPU
		Debug|x64 = Debug|x64
		Debug|x86 = Debug|x86
		Release|Any CPU = Release|Any CPU
		Release|x64 = Release|x64
		Release|x86 = Release|x86
	EndGlobalSection
	GlobalSection(SolutionProperties) = preSolution
		HideSolutionNode = FALSE
	EndGlobalSection
	GlobalSection(ProjectConfigurationPlatforms) = postSolution
		{4DFBA2BC-9669-4FAE-9EE8-CE896F4BE4AD}.Debug|Any CPU.ActiveCfg = Debug|Any CPU
		{4DFBA2BC-9669-4FAE-9EE8-CE896F4BE4AD}.Debug|Any CPU.Build.0 = Debug|Any CPU
		{4DFBA2BC-9669-4FAE-9EE8-CE896F4BE4AD}.Debug|x64.ActiveCfg = Debug|Any CPU
		{4DFBA2BC-9669-4FAE-9EE8-CE896F4BE4AD}.Debug|x64.Build.0 = Debug|Any CPU
		{4DFBA2BC-9669-4FAE-9EE8-CE896F4BE4AD}.Debug|x86.ActiveCfg = Debug|Any CPU
		{4DFBA2BC-9669-4FAE-9EE8-CE896F4BE4AD}.Debug|x86.Build.0 = Debug|Any CPU
		{4DFBA2BC-9669-4FAE-9EE8-CE896F4BE4AD}.Release|Any CPU.ActiveCfg = Release|Any CPU
		{4DFBA2BC-9669-4FAE-9EE8-CE896F4BE4AD}.Release|Any CPU.Build.0 = Release|Any CPU
		{4DFBA2BC-9669-4FAE-9EE8-CE896F4BE4AD}.Release|x64.ActiveCfg = Release|Any CPU
		{4DFBA2BC-9669-4FAE-9EE8-CE896F4BE4AD}.Release|x64.Build.0 = Release|Any CPU
		{4DFBA2BC-9669-4FAE-9EE8-CE896F4BE4AD}.Release|x86.ActiveCfg = Release|Any CPU
		{4DFBA2BC-9669-4FAE-9EE8-CE896F4BE4AD}.Release|x86.Build.0 = Release|Any CPU
		{2943ABFA-E63B-46DF-8864-C1B2019668F3}.Debug|Any CPU.ActiveCfg = Debug|Any CPU
		{2943ABFA-E63B-46DF-8864-C1B2019668F3}.Debug|Any CPU.Build.0 = Debug|Any CPU
		{2943ABFA-E63B-46DF-8864-C1B2019668F3}.Debug|x64.ActiveCfg = Debug|Any CPU
		{2943ABFA-E63B-46DF-8864-C1B2019668F3}.Debug|x64.Build.0 = Debug|Any CPU
		{2943ABFA-E63B-46DF-8864-C1B2019668F3}.Debug|x86.ActiveCfg = Debug|Any CPU
		{2943ABFA-E63B-46DF-8864-C1B2019668F3}.Debug|x86.Build.0 = Debug|Any CPU
		{2943ABFA-E63B-46DF-8864-C1B2019668F3}.Release|Any CPU.ActiveCfg = Release|Any CPU
		{2943ABFA-E63B-46DF-8864-C1B2019668F3}.Release|Any CPU.Build.0 = Release|Any CPU
		{2943ABFA-E63B-46DF-8864-C1B2019668F3}.Release|x64.ActiveCfg = Release|Any CPU
		{2943ABFA-E63B-46DF-8864-C1B2019668F3}.Release|x64.Build.0 = Release|Any CPU
		{2943ABFA-E63B-46DF-8864-C1B2019668F3}.Release|x86.ActiveCfg = Release|Any CPU
		{2943ABFA-E63B-46DF-8864-C1B2019668F3}.Release|x86.Build.0 = Release|Any CPU
		{80E5799A-80BF-4FF3-B5FB-7612A9E120E0}.Debug|Any CPU.ActiveCfg = Debug|Any CPU
		{80E5799A-80BF-4FF3-B5FB-7612A9E120E0}.Debug|Any CPU.Build.0 = Debug|Any CPU
		{80E5799A-80BF-4FF3-B5FB-7612A9E120E0}.Debug|x64.ActiveCfg = Debug|Any CPU
		{80E5799A-80BF-4FF3-B5FB-7612A9E120E0}.Debug|x64.Build.0 = Debug|Any CPU
		{80E5799A-80BF-4FF3-B5FB-7612A9E120E0}.Debug|x86.ActiveCfg = Debug|Any CPU
		{80E5799A-80BF-4FF3-B5FB-7612A9E120E0}.Debug|x86.Build.0 = Debug|Any CPU
		{80E5799A-80BF-4FF3-B5FB-7612A9E120E0}.Release|Any CPU.ActiveCfg = Release|Any CPU
		{80E5799A-80BF-4FF3-B5FB-7612A9E120E0}.Release|Any CPU.Build.0 = Release|Any CPU
		{80E5799A-80BF-4FF3-B5FB-7612A9E120E0}.Release|x64.ActiveCfg = Release|Any CPU
		{80E5799A-80BF-4FF3-B5FB-7612A9E120E0}.Release|x64.Build.0 = Release|Any CPU
		{80E5799A-80BF-4FF3-B5FB-7612A9E120E0}.Release|x86.ActiveCfg = Release|Any CPU
		{80E5799A-80BF-4FF3-B5FB-7612A9E120E0}.Release|x86.Build.0 = Release|Any CPU
		{8B4693A2-4862-420D-88F3-9B548039EC3E}.Debug|Any CPU.ActiveCfg = Debug|Any CPU
		{8B4693A2-4862-420D-88F3-9B548039EC3E}.Debug|Any CPU.Build.0 = Debug|Any CPU
		{8B4693A2-4862-420D-88F3-9B548039EC3E}.Debug|x64.ActiveCfg = Debug|Any CPU
		{8B4693A2-4862-420D-88F3-9B548039EC3E}.Debug|x64.Build.0 = Debug|Any CPU
		{8B4693A2-4862-420D-88F3-9B548039EC3E}.Debug|x86.ActiveCfg = Debug|Any CPU
		{8B4693A2-4862-420D-88F3-9B548039EC3E}.Debug|x86.Build.0 = Debug|Any CPU
		{8B4693A2-4862-420D-88F3-9B548039EC3E}.Release|Any CPU.ActiveCfg = Release|Any CPU
		{8B4693A2-4862-420D-88F3-9B548039EC3E}.Release|Any CPU.Build.0 = Release|Any CPU
		{8B4693A2-4862-420D-88F3-9B548039EC3E}.Release|x64.ActiveCfg = Release|Any CPU
		{8B4693A2-4862-420D-88F3-9B548039EC3E}.Release|x64.Build.0 = Release|Any CPU
		{8B4693A2-4862-420D-88F3-9B548039EC3E}.Release|x86.ActiveCfg = Release|Any CPU
		{8B4693A2-4862-420D-88F3-9B548039EC3E}.Release|x86.Build.0 = Release|Any CPU
	EndGlobalSection
EndGlobal
